<?xml version="1.0" encoding="utf-8"?>
<Project ToolsVersion="4.0" xmlns="http://schemas.microsoft.com/developer/msbuild/2003">
  <ItemGroup>
    <Filter Include="Source Files">
      <UniqueIdentifier>{af433e77-ca78-455d-b6f9-32f44f2a6fc6}</UniqueIdentifier>
      <Extensions>cpp;c;cxx;rc;def;r;odl;idl;hpj;bat</Extensions>
    </Filter>
    <Filter Include="Header Files">
      <UniqueIdentifier>{11559e83-4052-40e9-b511-20a9bc8ef8f5}</UniqueIdentifier>
      <Extensions>h;hpp;hxx;hm;inl</Extensions>
    </Filter>
    <Filter Include="Resource Files">
      <UniqueIdentifier>{950795c2-dd36-453c-bb58-6c50f8063b35}</UniqueIdentifier>
      <Extensions>ico;cur;bmp;dlg;rc2;rct;bin;rgs;gif;jpg;jpeg;jpe</Extensions>
    </Filter>
  </ItemGroup>
  <ItemGroup>
    <ClCompile Include="..\game\g_weaponLoad.cpp">
      <Filter>Source Files</Filter>
    </ClCompile>
    <ClCompile Include="gameinfo.cpp">
      <Filter>Source Files</Filter>
    </ClCompile>
    <ClCompile Include="..\game\q_math.cpp">
      <Filter>Source Files</Filter>
    </ClCompile>
    <ClCompile Include="..\game\q_shared.cpp">
      <Filter>Source Files</Filter>
    </ClCompile>
    <ClCompile Include="ui_atoms.cpp">
      <Filter>Source Files</Filter>
    </ClCompile>
    <ClCompile Include="ui_cdkey.cpp">
      <Filter>Source Files</Filter>
    </ClCompile>
    <ClCompile Include="ui_confirm.cpp">
      <Filter>Source Files</Filter>
    </ClCompile>
    <ClCompile Include="ui_connect.cpp">
      <Filter>Source Files</Filter>
    </ClCompile>
    <ClCompile Include="ui_controls2.cpp">
      <Filter>Source Files</Filter>
    </ClCompile>
    <ClCompile Include="ui_credits.cpp">
      <Filter>Source Files</Filter>
    </ClCompile>
    <ClCompile Include="ui_crew.cpp">
      <Filter>Source Files</Filter>
    </ClCompile>
    <ClCompile Include="ui_cvars.cpp">
      <Filter>Source Files</Filter>
    </ClCompile>
    <ClCompile Include="ui_field.cpp">
      <Filter>Source Files</Filter>
    </ClCompile>
    <ClCompile Include="ui_fonts.cpp">
      <Filter>Source Files</Filter>
    </ClCompile>
    <ClCompile Include="ui_game.cpp">
      <Filter>Source Files</Filter>
    </ClCompile>
    <ClCompile Include="ui_menu.cpp">
      <Filter>Source Files</Filter>
    </ClCompile>
    <ClCompile Include="ui_mods.cpp">
      <Filter>Source Files</Filter>
    </ClCompile>
    <ClCompile Include="ui_players.cpp">
      <Filter>Source Files</Filter>
    </ClCompile>
    <ClCompile Include="ui_preferences.cpp">
      <Filter>Source Files</Filter>
    </ClCompile>
    <ClCompile Include="ui_qmenu.cpp">
      <Filter>Source Files</Filter>
    </ClCompile>
    <ClCompile Include="ui_sound.cpp">
      <Filter>Source Files</Filter>
    </ClCompile>
    <ClCompile Include="ui_turbolift.cpp">
      <Filter>Source Files</Filter>
    </ClCompile>
    <ClCompile Include="ui_video.cpp">
      <Filter>Source Files</Filter>
    </ClCompile>
  </ItemGroup>
  <ItemGroup>
    <ClInclude Include="..\game\anims.h">
      <Filter>Header Files</Filter>
    </ClInclude>
    <ClInclude Include="..\game\bg_public.h">
      <Filter>Header Files</Filter>
    </ClInclude>
    <ClInclude Include="..\game\channels.h">
      <Filter>Header Files</Filter>
    </ClInclude>
    <ClInclude Include="..\qcommon\cm_public.h">
      <Filter>Header Files</Filter>
    </ClInclude>
    <ClInclude Include="..\game\g_infostrings.h">
      <Filter>Header Files</Filter>
    </ClInclude>
    <ClInclude Include="gameinfo.h">
      <Filter>Header Files</Filter>
    </ClInclude>
    <ClInclude Include="..\client\keycodes.h">
      <Filter>Header Files</Filter>
    </ClInclude>
    <ClInclude Include="..\game\q_shared.h">
      <Filter>Header Files</Filter>
    </ClInclude>
    <ClInclude Include="..\qcommon\qcommon.h">
      <Filter>Header Files</Filter>
    </ClInclude>
    <ClInclude Include="..\qcommon\qfiles.h">
      <Filter>Header Files</Filter>
    </ClInclude>
    <ClInclude Include="..\game\statindex.h">
      <Filter>Header Files</Filter>
    </ClInclude>
    <ClInclude Include="..\qcommon\stv_version.h">
      <Filter>Header Files</Filter>
    </ClInclude>
    <ClInclude Include="..\game\surfaceflags.h">
      <Filter>Header Files</Filter>
    </ClInclude>
    <ClInclude Include="..\game\teams.h">
      <Filter>Header Files</Filter>
    </ClInclude>
    <ClInclude Include="..\renderer\tr_types.h">
      <Filter>Header Files</Filter>
    </ClInclude>
    <ClInclude Include="ui_local.h">
      <Filter>Header Files</Filter>
    </ClInclude>
    <ClInclude Include="ui_playerinfo.h">
      <Filter>Header Files</Filter>
    </ClInclude>
    <ClInclude Include="ui_public.h">
      <Filter>Header Files</Filter>
    </ClInclude>
    <ClInclude Include="..\game\weapons.h">
      <Filter>Header Files</Filter>
    </ClInclude>
  </ItemGroup>
  <ItemGroup>
    <CustomBuild Include="ui.def">
      <Filter>Resource Files</Filter>
    </CustomBuild>
  </ItemGroup>
</Project>